{
  "pins" : [
    {
      "identity" : "couchbase-lite-swift-ee",
      "kind" : "remoteSourceControl",
      "location" : "https://github.com/couchbase/couchbase-lite-swift-ee.git",
      "state" : {
        "revision" : "ee2fb1bdefffdd87b5622cf0bbcff275421b9e6c",
        "version" : "3.0.2"
      }
    },
    {
      "identity" : "dittoswiftpackage",
      "kind" : "remoteSourceControl",
      "location" : "https://github.com/getditto/DittoSwiftPackage",
      "state" : {
        "revision" : "052e9f0ad336270041b3bac1d4c517d153735802",
        "version" : "2.0.3"
      }
    }
  ],
  "version" : 2
}
